
Microsoft Visual Studio Solution File, Format Version 12.00
# Visual Studio 2012
Project("{FAE04EC0-301F-11D3-BF4B-00C04F79EFBC}") = "DIBS.Client", "DIBS.Client\DIBS.Client.csproj", "{5A487A98-787A-4DF2-84BB-A9D24766AAE1}"
EndProject
Project("{FAE04EC0-301F-11D3-BF4B-00C04F79EFBC}") = "DIBS.Client.Tests", "DIBS.Client.Tests\DIBS.Client.Tests.csproj", "{550F3E28-BBF2-43CC-A8C6-9906B5B4889C}"
EndProject
Global
	GlobalSection(SolutionConfigurationPlatforms) = preSolution
		Debug|Any CPU = Debug|Any CPU
		Release|Any CPU = Release|Any CPU
	EndGlobalSection
	GlobalSection(ProjectConfigurationPlatforms) = postSolution
		{5A487A98-787A-4DF2-84BB-A9D24766AAE1}.Debug|Any CPU.ActiveCfg = Debug|Any CPU
		{5A487A98-787A-4DF2-84BB-A9D24766AAE1}.Debug|Any CPU.Build.0 = Debug|Any CPU
		{5A487A98-787A-4DF2-84BB-A9D24766AAE1}.Release|Any CPU.ActiveCfg = Release|Any CPU
		{5A487A98-787A-4DF2-84BB-A9D24766AAE1}.Release|Any CPU.Build.0 = Release|Any CPU
		{550F3E28-BBF2-43CC-A8C6-9906B5B4889C}.Debug|Any CPU.ActiveCfg = Debug|Any CPU
		{550F3E28-BBF2-43CC-A8C6-9906B5B4889C}.Debug|Any CPU.Build.0 = Debug|Any CPU
		{550F3E28-BBF2-43CC-A8C6-9906B5B4889C}.Release|Any CPU.ActiveCfg = Release|Any CPU
		{550F3E28-BBF2-43CC-A8C6-9906B5B4889C}.Release|Any CPU.Build.0 = Release|Any CPU
	EndGlobalSection
	GlobalSection(SolutionProperties) = preSolution
		HideSolutionNode = FALSE
	EndGlobalSection
EndGlobal
